
Microsoft Visual Studio Solution File, Format Version 12.00
# Visual Studio 15
VisualStudioVersion = 15.0.27428.2015
MinimumVisualStudioVersion = 10.0.40219.1
Project("{FAE04EC0-301F-11D3-BF4B-00C04F79EFBC}") = "src", "src\src.csproj", "{DC716BE3-C295-4131-8C2C-379839DFCC36}"
EndProject
Global
	GlobalSection(SolutionConfigurationPlatforms) = preSolution
		Debug|Any CPU = Debug|Any CPU
		Release|Any CPU = Release|Any CPU
	EndGlobalSection
	GlobalSection(ProjectConfigurationPlatforms) = postSolution
		{DC716BE3-C295-4131-8C2C-379839DFCC36}.Debug|Any CPU.ActiveCfg = Debug|Any CPU
		{DC716BE3-C295-4131-8C2C-379839DFCC36}.Debug|Any CPU.Build.0 = Debug|Any CPU
		{DC716BE3-C295-4131-8C2C-379839DFCC36}.Release|Any CPU.ActiveCfg = Release|Any CPU
		{DC716BE3-C295-4131-8C2C-379839DFCC36}.Release|Any CPU.Build.0 = Release|Any CPU
	EndGlobalSection
	GlobalSection(SolutionProperties) = preSolution
		HideSolutionNode = FALSE
	EndGlobalSection
	GlobalSection(ExtensibilityGlobals) = postSolution
		SolutionGuid = {46FC2038-20A9-42CD-8740-43208FFF1183}
	EndGlobalSection
EndGlobal
